{
    "requires": true,
    "lockfileVersion": 1,
    "dependencies": {
        "argparse": {
            "version": "1.0.10",
            "resolved": "https://registry.npmjs.org/argparse/-/argparse-1.0.10.tgz",
            "integrity": "sha512-o5Roy6tNG4SL/FOkCAN6RzjiakZS25RLYFrcMttJqbdd8BWrnA+fGz57iN5Pb06pvBGvl5gQ0B48dJlslXvoTg==",
            "requires": {
                "sprintf-js": "~1.0.2"
            }
        },
        "blueimp-md5": {
            "version": "2.10.0",
            "resolved": "https://registry.npmjs.org/blueimp-md5/-/blueimp-md5-2.10.0.tgz",
            "integrity": "sha512-EkNUOi7tpV68TqjpiUz9D9NcT8um2+qtgntmMbi5UKssVX2m/2PLqotcric0RE63pB3HPN/fjf3cKHN2ufGSUQ=="
        },
        "chartist": {
            "version": "0.11.0",
            "resolved": "https://registry.npmjs.org/chartist/-/chartist-0.11.0.tgz",
            "integrity": "sha1-hLpeBUkNCW2T3PqTQ+vDHvajvSg="
        },
        "ejs": {
            "version": "2.6.1",
            "resolved": "https://registry.npmjs.org/ejs/-/ejs-2.6.1.tgz",
            "integrity": "sha512-0xy4A/twfrRCnkhfk8ErDi5DqdAsAqeGxht4xkCUrsvhhbQNs7E+4jV0CN7+NKIY0aHE72+XvqtBIXzD31ZbXQ=="
        },
        "ent": {
            "version": "2.2.0",
            "resolved": "https://registry.npmjs.org/ent/-/ent-2.2.0.tgz",
            "integrity": "sha1-6WQhkyWiHQX0RGai9obtbOX13R0="
        },
        "esprima": {
            "version": "4.0.1",
            "resolved": "https://registry.npmjs.org/esprima/-/esprima-4.0.1.tgz",
            "integrity": "sha512-eGuFFw7Upda+g4p+QHvnW0RyTX/SVeJBDM/gCtMARO0cLuT2HcEKnTPvhjV6aGeqrCB/sbNop0Kszm0jsaWU4A=="
        },
        "front-matter": {
            "version": "2.3.0",
            "resolved": "https://registry.npmjs.org/front-matter/-/front-matter-2.3.0.tgz",
            "integrity": "sha1-cgOviWzjV+4E4qpFFp6pHtf2dQQ=",
            "requires": {
                "js-yaml": "^3.10.0"
            }
        },
        "js-yaml": {
            "version": "3.12.0",
            "resolved": "https://registry.npmjs.org/js-yaml/-/js-yaml-3.12.0.tgz",
            "integrity": "sha512-PIt2cnwmPfL4hKNwqeiuz4bKfnzHTBv6HyVgjahA6mPLwPDzjDWrplJBMjHUFxku/N3FlmrbyPclad+I+4mJ3A==",
            "requires": {
                "argparse": "^1.0.7",
                "esprima": "^4.0.0"
            }
        },
        "marked": {
            "version": "0.5.1",
            "resolved": "https://registry.npmjs.org/marked/-/marked-0.5.1.tgz",
            "integrity": "sha512-iUkBZegCZou4AdwbKTwSW/lNDcz5OuRSl3qdcl31Ia0B2QPG0Jn+tKblh/9/eP9/6+4h27vpoh8wel/vQOV0vw=="
        },
        "nfts": {
            "version": "file:../../example/node/nfts",
            "requires": {
                "better-sqlite3": "^5.0.1",
                "ent": "^2.2.0",
                "front-matter": "^2.3.0",
                "marked": "^0.5.1",
                "minimist": "^1.2.0",
                "parse5": "^5.1.0",
                "progress": "^2.0.1",
                "shell-quote": "^1.6.1"
            },
            "dependencies": {
                "argparse": {
                    "version": "1.0.10",
                    "bundled": true,
                    "requires": {
                        "sprintf-js": "~1.0.2"
                    }
                },
                "array-filter": {
                    "version": "0.0.1",
                    "bundled": true
                },
                "array-map": {
                    "version": "0.0.0",
                    "bundled": true
                },
                "array-reduce": {
                    "version": "0.0.0",
                    "bundled": true
                },
                "better-sqlite3": {
                    "version": "5.0.1",
                    "bundled": true,
                    "requires": {
                        "integer": "^2.1.0",
                        "tar": "^4.4.6"
                    }
                },
                "chownr": {
                    "version": "1.1.1",
                    "bundled": true
                },
                "ent": {
                    "version": "2.2.0",
                    "bundled": true
                },
                "esprima": {
                    "version": "4.0.1",
                    "bundled": true
                },
                "front-matter": {
                    "version": "2.3.0",
                    "bundled": true,
                    "requires": {
                        "js-yaml": "^3.10.0"
                    }
                },
                "fs-minipass": {
                    "version": "1.2.5",
                    "bundled": true,
                    "requires": {
                        "minipass": "^2.2.1"
                    }
                },
                "integer": {
                    "version": "2.1.0",
                    "bundled": true
                },
                "js-yaml": {
                    "version": "3.12.0",
                    "bundled": true,
                    "requires": {
                        "argparse": "^1.0.7",
                        "esprima": "^4.0.0"
                    }
                },
                "jsonify": {
                    "version": "0.0.0",
                    "bundled": true
                },
                "marked": {
                    "version": "0.5.1",
                    "bundled": true
                },
                "minimist": {
                    "version": "1.2.0",
                    "bundled": true
                },
                "minipass": {
                    "version": "2.3.5",
                    "bundled": true,
                    "requires": {
                        "safe-buffer": "^5.1.2",
                        "yallist": "^3.0.0"
                    }
                },
                "minizlib": {
                    "version": "1.1.1",
                    "bundled": true,
                    "requires": {
                        "minipass": "^2.2.1"
                    }
                },
                "mkdirp": {
                    "version": "0.5.1",
                    "bundled": true,
                    "requires": {
                        "minimist": "0.0.8"
                    },
                    "dependencies": {
                        "minimist": {
                            "version": "0.0.8",
                            "bundled": true
                        }
                    }
                },
                "parse5": {
                    "version": "5.1.0",
                    "bundled": true
                },
                "progress": {
                    "version": "2.0.1",
                    "bundled": true
                },
                "safe-buffer": {
                    "version": "5.1.2",
                    "bundled": true
                },
                "shell-quote": {
                    "version": "1.6.1",
                    "bundled": true,
                    "requires": {
                        "array-filter": "~0.0.0",
                        "array-map": "~0.0.0",
                        "array-reduce": "~0.0.0",
                        "jsonify": "~0.0.0"
                    }
                },
                "sprintf-js": {
                    "version": "1.0.3",
                    "bundled": true
                },
                "tar": {
                    "version": "4.4.6",
                    "bundled": true,
                    "requires": {
                        "chownr": "^1.0.1",
                        "fs-minipass": "^1.2.5",
                        "minipass": "^2.3.3",
                        "minizlib": "^1.1.0",
                        "mkdirp": "^0.5.0",
                        "safe-buffer": "^5.1.2",
                        "yallist": "^3.0.2"
                    }
                },
                "yallist": {
                    "version": "3.0.2",
                    "bundled": true
                }
            }
        },
        "sprintf-js": {
            "version": "1.0.3",
            "resolved": "https://registry.npmjs.org/sprintf-js/-/sprintf-js-1.0.3.tgz",
            "integrity": "sha1-BOaSb2YolTVPPdAVIDYzuFcpfiw="
        }
    }
}
